{
  "name": "ssb-config",
  "version": "2.3.7",
  "lockfileVersion": 1,
  "requires": true,
  "dependencies": {
    "chloride": {
      "version": "2.2.10",
      "resolved": "https://registry.npmjs.org/chloride/-/chloride-2.2.10.tgz",
      "integrity": "sha512-CbU1ISGiB2JBV6PDXx7hkl8D94d2TPD1BANUMFbr8rZYKJi8De2d3Hu2XDIOLAhXf+8yhoFOdjtLG6fxz3QByQ==",
      "requires": {
        "is-electron": "^2.0.0",
        "sodium-browserify": "^1.2.4",
        "sodium-browserify-tweetnacl": "^0.2.2",
        "sodium-chloride": "^1.1.0",
        "sodium-native": "^2.1.6"
      }
    },
    "chloride-test": {
      "version": "1.2.2",
      "resolved": "https://registry.npmjs.org/chloride-test/-/chloride-test-1.2.2.tgz",
      "integrity": "sha1-F4aGqF6SeARREulujHkXk/mhCuo=",
      "requires": {
        "json-buffer": "^2.0.11"
      }
    },
    "deep-extend": {
      "version": "0.6.0",
      "resolved": "https://registry.npmjs.org/deep-extend/-/deep-extend-0.6.0.tgz",
      "integrity": "sha512-LOHxIOaPYdHlJRtCQfDIVZtfw/ufM8+rVj649RIHzcm/vGwQRXFt6OPqIFWsm2XEMrNIEtWR64sY1LEKD2vAOA=="
    },
    "ed2curve": {
      "version": "0.1.4",
      "resolved": "https://registry.npmjs.org/ed2curve/-/ed2curve-0.1.4.tgz",
      "integrity": "sha1-lKRCSLuH2jXbDv968KpXYWgRf1k=",
      "requires": {
        "tweetnacl": "0.x.x"
      }
    },
    "inherits": {
      "version": "2.0.3",
      "resolved": "https://registry.npmjs.org/inherits/-/inherits-2.0.3.tgz",
      "integrity": "sha1-Yzwsg+PaQqUC9SRmAiSA9CCCYd4="
    },
    "ini": {
      "version": "1.3.5",
      "resolved": "https://registry.npmjs.org/ini/-/ini-1.3.5.tgz",
      "integrity": "sha512-RZY5huIKCMRWDUqZlEi72f/lmXKMvuszcMBduliQ3nnWbx9X/ZBQO7DijMEYS9EhHBb2qacRUMtC7svLwe0lcw=="
    },
    "ip": {
      "version": "1.1.5",
      "resolved": "https://registry.npmjs.org/ip/-/ip-1.1.5.tgz",
      "integrity": "sha1-vd7XARQpCCjAoDnnLvJfWq7ENUo="
    },
    "is-electron": {
      "version": "2.2.0",
      "resolved": "https://registry.npmjs.org/is-electron/-/is-electron-2.2.0.tgz",
      "integrity": "sha512-SpMppC2XR3YdxSzczXReBjqs2zGscWQpBIKqwXYBFic0ERaxNVgwLCHwOLZeESfdJQjX0RDvrJ1lBXX2ij+G1Q=="
    },
    "json-buffer": {
      "version": "2.0.11",
      "resolved": "https://registry.npmjs.org/json-buffer/-/json-buffer-2.0.11.tgz",
      "integrity": "sha1-PkQf2jCYvo0eMXGtWRvGKjPi1V8="
    },
    "libsodium": {
      "version": "0.7.3",
      "resolved": "https://registry.npmjs.org/libsodium/-/libsodium-0.7.3.tgz",
      "integrity": "sha512-ld+deUNqSsZYbAobUs63UyduPq8ICp/Ul/5lbvBIYpuSNWpPRU0PIxbW+xXipVZtuopR6fIz9e0tTnNuPMNeqw=="
    },
    "libsodium-wrappers": {
      "version": "0.7.3",
      "resolved": "https://registry.npmjs.org/libsodium-wrappers/-/libsodium-wrappers-0.7.3.tgz",
      "integrity": "sha512-dw5Jh6TZ5qc5rQVZe3JrSO/J05CE+DmAPnqD7Q2glBUE969xZ6o3fchnUxyPlp6ss3x0MFxmdJntveFN+XTg1g==",
      "requires": {
        "libsodium": "0.7.3"
      }
    },
    "minimist": {
      "version": "1.2.0",
      "resolved": "http://registry.npmjs.org/minimist/-/minimist-1.2.0.tgz",
      "integrity": "sha1-o1AIsg9BOD7sH7kU9M1d95omQoQ="
    },
    "mkdirp": {
      "version": "0.5.1",
      "resolved": "https://registry.npmjs.org/mkdirp/-/mkdirp-0.5.1.tgz",
      "integrity": "sha1-MAV0OOrGz3+MR2fzhkjWaX11yQM=",
      "requires": {
        "minimist": "0.0.8"
      },
      "dependencies": {
        "minimist": {
          "version": "0.0.8",
          "resolved": "https://registry.npmjs.org/minimist/-/minimist-0.0.8.tgz",
          "integrity": "sha1-hX/Kv8M5fSYluCKCYuhqp6ARsF0="
        }
      }
    },
    "nan": {
      "version": "2.12.1",
      "resolved": "https://registry.npmjs.org/nan/-/nan-2.12.1.tgz",
      "integrity": "sha512-JY7V6lRkStKcKTvHO5NVSQRv+RV+FIL5pvDoLiAtSL9pKlC5x9PKQcZDsq7m4FO4d57mkhC6Z+QhAh3Jdk5JFw==",
      "optional": true
    },
    "node-gyp-build": {
      "version": "3.7.0",
      "resolved": "https://registry.npmjs.org/node-gyp-build/-/node-gyp-build-3.7.0.tgz",
      "integrity": "sha512-L/Eg02Epx6Si2NXmedx+Okg+4UHqmaf3TNcxd50SF9NQGcJaON3AtU++kax69XV7YWz4tUspqZSAsVofhFKG2w==",
      "optional": true
    },
    "non-private-ip": {
      "version": "1.4.4",
      "resolved": "https://registry.npmjs.org/non-private-ip/-/non-private-ip-1.4.4.tgz",
      "integrity": "sha512-K9nTVFOGUOYutaG8ywiKpCdVu458RFxSgSJ0rribUxtf5iLM9B2+raFJgkID3p5op0+twmoQqFaPnu9KYz6qzg==",
      "requires": {
        "ip": "^1.1.5"
      }
    },
    "os-homedir": {
      "version": "1.0.2",
      "resolved": "https://registry.npmjs.org/os-homedir/-/os-homedir-1.0.2.tgz",
      "integrity": "sha1-/7xJiDNuDoM94MFox+8VISGqf7M="
    },
    "private-box": {
      "version": "0.3.0",
      "resolved": "https://registry.npmjs.org/private-box/-/private-box-0.3.0.tgz",
      "integrity": "sha512-zsK6DDEC+cnNiunYamcVbx4ZCLbKnzTOZa09K4Pj3/tH3nQFPUO9K2QoYy4kfxLqmoyw6RPDtACN9OYviMQZ2Q==",
      "requires": {
        "chloride": "^2.2.9"
      }
    },
    "rc": {
      "version": "1.2.8",
      "resolved": "https://registry.npmjs.org/rc/-/rc-1.2.8.tgz",
      "integrity": "sha512-y3bGgqKj3QBdxLbLkomlohkvsA8gdAiUQlSBJnBhfn+BPxg4bc62d8TcBW15wavDfgexCgccckhcZvywyQYPOw==",
      "requires": {
        "deep-extend": "^0.6.0",
        "ini": "~1.3.0",
        "minimist": "^1.2.0",
        "strip-json-comments": "~2.0.1"
      }
    },
    "safe-buffer": {
      "version": "5.1.2",
      "resolved": "https://registry.npmjs.org/safe-buffer/-/safe-buffer-5.1.2.tgz",
      "integrity": "sha512-Gd2UZBJDkXlY7GbJxfsE8/nvKkUEU1G38c1siN6QP6a9PT9MmHB8GnpscSmMJSoF8LOIrt8ud/wPtojys4G6+g=="
    },
    "sha.js": {
      "version": "2.4.5",
      "resolved": "https://registry.npmjs.org/sha.js/-/sha.js-2.4.5.tgz",
      "integrity": "sha1-J9Fx78yCoRi5ljn/WBZgJCtQbnw=",
      "requires": {
        "inherits": "^2.0.1"
      }
    },
    "sodium-browserify": {
      "version": "1.2.4",
      "resolved": "https://registry.npmjs.org/sodium-browserify/-/sodium-browserify-1.2.4.tgz",
      "integrity": "sha512-IYcxKje/uf/c3a7VhZYJLlUxWMcktfbD4AjqHjUD1/VWKjj0Oq5wNbX8wjJOWVO9UhUMqJQiOn2xFbzKWBmy5w==",
      "requires": {
        "libsodium-wrappers": "^0.7.3",
        "sha.js": "2.4.5",
        "sodium-browserify-tweetnacl": "^0.2.3",
        "tweetnacl": "^0.14.1"
      }
    },
    "sodium-browserify-tweetnacl": {
      "version": "0.2.3",
      "resolved": "https://registry.npmjs.org/sodium-browserify-tweetnacl/-/sodium-browserify-tweetnacl-0.2.3.tgz",
      "integrity": "sha1-tVN//LufdOvEQ7i2ohGykej8vI4=",
      "requires": {
        "chloride-test": "^1.1.0",
        "ed2curve": "^0.1.4",
        "sha.js": "^2.4.8",
        "tweetnacl": "^0.14.1",
        "tweetnacl-auth": "^0.3.0"
      },
      "dependencies": {
        "sha.js": {
          "version": "2.4.11",
          "resolved": "https://registry.npmjs.org/sha.js/-/sha.js-2.4.11.tgz",
          "integrity": "sha512-QMEp5B7cftE7APOjk5Y6xgrbWu+WkLVQwk8JNjZ8nKRciZaByEW6MubieAiToS7+dwvrjGhH8jRXz3MVd0AYqQ==",
          "requires": {
            "inherits": "^2.0.1",
            "safe-buffer": "^5.0.1"
          }
        }
      }
    },
    "sodium-chloride": {
      "version": "1.1.2",
      "resolved": "https://registry.npmjs.org/sodium-chloride/-/sodium-chloride-1.1.2.tgz",
      "integrity": "sha512-8AVzr9VHueXqfzfkzUA0aXe/Q4XG3UTmhlP6Pt+HQc5bbAPIJFo7ZIMh9tvn+99QuiMcyDJdYumegGAczl0N+g=="
    },
    "sodium-native": {
      "version": "2.2.4",
      "resolved": "https://registry.npmjs.org/sodium-native/-/sodium-native-2.2.4.tgz",
      "integrity": "sha512-zE3lJAEN9R/XzJmNUqfyqL3vAnES9rFuyeq5ouHmCOdkVcY5UKbCcl7eUyZ+LG4RcqVfx8CAcgwv9HRpgoNrlg==",
      "optional": true,
      "requires": {
        "ini": "^1.3.5",
        "nan": "^2.4.0",
        "node-gyp-build": "^3.0.0"
      }
    },
    "ssb-keys": {
      "version": "7.1.4",
      "resolved": "https://registry.npmjs.org/ssb-keys/-/ssb-keys-7.1.4.tgz",
      "integrity": "sha512-tRDoFAeTL4NVGE4WFgd4Jck7wmsz340iE3Z8KEpGyFkxo5LqH01Gl+8aCDKqNQoJpCByG7luSSTztS7zl6yk8w==",
      "requires": {
        "chloride": "^2.2.8",
        "mkdirp": "~0.5.0",
        "private-box": "^0.3.0"
      }
    },
    "strip-json-comments": {
      "version": "2.0.1",
      "resolved": "https://registry.npmjs.org/strip-json-comments/-/strip-json-comments-2.0.1.tgz",
      "integrity": "sha1-PFMZQukIwml8DsNEhYwobHygpgo="
    },
    "tweetnacl": {
      "version": "0.14.5",
      "resolved": "https://registry.npmjs.org/tweetnacl/-/tweetnacl-0.14.5.tgz",
      "integrity": "sha1-WuaBd/GS1EViadEIr6k/+HQ/T2Q="
    },
    "tweetnacl-auth": {
      "version": "0.3.1",
      "resolved": "https://registry.npmjs.org/tweetnacl-auth/-/tweetnacl-auth-0.3.1.tgz",
      "integrity": "sha1-t1vC3xVkm7hOi5qjwGacbEvODSU=",
      "requires": {
        "tweetnacl": "0.x.x"
      }
    }
  }
}
